// !$*UTF8*$!
{
	archiveVersion = 1;
	classes = {
	};
	objectVersion = 56;
	objects = {

/* Begin PBXBuildFile section */
		D74672F92B7132560049EB35 /* DateFilterView.swift in Sources */ = {isa = PBXBuildFile; fileRef = D74672F82B7132560049EB35 /* DateFilterView.swift */; };
		D74672FD2B717E990049EB35 /* LockView.swift in Sources */ = {isa = PBXBuildFile; fileRef = D74672FC2B717E990049EB35 /* LockView.swift */; };
		D7647CDF2B6FDBD50083F96C /* ExpenseTrackApp.swift in Sources */ = {isa = PBXBuildFile; fileRef = D7647CDE2B6FDBD50083F96C /* ExpenseTrackApp.swift */; };
		D7647CE12B6FDBD50083F96C /* ContentView.swift in Sources */ = {isa = PBXBuildFile; fileRef = D7647CE02B6FDBD50083F96C /* ContentView.swift */; };
		D7647CE32B6FDBD70083F96C /* Assets.xcassets in Resources */ = {isa = PBXBuildFile; fileRef = D7647CE22B6FDBD70083F96C /* Assets.xcassets */; };
		D7647CE62B6FDBD70083F96C /* Preview Assets.xcassets in Resources */ = {isa = PBXBuildFile; fileRef = D7647CE52B6FDBD70083F96C /* Preview Assets.xcassets */; };
		D7647CF02B6FDBD80083F96C /* ExpenseTrackTests.swift in Sources */ = {isa = PBXBuildFile; fileRef = D7647CEF2B6FDBD80083F96C /* ExpenseTrackTests.swift */; };
		D7647CFA2B6FDBD80083F96C /* ExpenseTrackUITests.swift in Sources */ = {isa = PBXBuildFile; fileRef = D7647CF92B6FDBD80083F96C /* ExpenseTrackUITests.swift */; };
		D7647CFC2B6FDBD80083F96C /* ExpenseTrackUITestsLaunchTests.swift in Sources */ = {isa = PBXBuildFile; fileRef = D7647CFB2B6FDBD80083F96C /* ExpenseTrackUITestsLaunchTests.swift */; };
		D7647D0D2B6FDCA50083F96C /* IntroScreen.swift in Sources */ = {isa = PBXBuildFile; fileRef = D7647D0C2B6FDCA50083F96C /* IntroScreen.swift */; };
		D7647D102B6FDDEC0083F96C /* Constants.swift in Sources */ = {isa = PBXBuildFile; fileRef = D7647D0F2B6FDDEC0083F96C /* Constants.swift */; };
		D76AACA72B6FE1C8006795D2 /* Tab.swift in Sources */ = {isa = PBXBuildFile; fileRef = D76AACA62B6FE1C8006795D2 /* Tab.swift */; };
		D76AACA92B6FE66E006795D2 /* Category.swift in Sources */ = {isa = PBXBuildFile; fileRef = D76AACA82B6FE66E006795D2 /* Category.swift */; };
		D76AACAB2B6FE6C1006795D2 /* Transaction.swift in Sources */ = {isa = PBXBuildFile; fileRef = D76AACAA2B6FE6C1006795D2 /* Transaction.swift */; };
		D76AACAD2B6FE7C6006795D2 /* TintColor.swift in Sources */ = {isa = PBXBuildFile; fileRef = D76AACAC2B6FE7C6006795D2 /* TintColor.swift */; };
		D76AACB02B6FE96D006795D2 /* Recents.swift in Sources */ = {isa = PBXBuildFile; fileRef = D76AACAF2B6FE96D006795D2 /* Recents.swift */; };
		D76AACB22B6FE97B006795D2 /* Search.swift in Sources */ = {isa = PBXBuildFile; fileRef = D76AACB12B6FE97B006795D2 /* Search.swift */; };
		D76AACB62B6FE992006795D2 /* Settings.swift in Sources */ = {isa = PBXBuildFile; fileRef = D76AACB52B6FE992006795D2 /* Settings.swift */; };
		D76AACB82B6FE9B1006795D2 /* Charts.swift in Sources */ = {isa = PBXBuildFile; fileRef = D76AACB72B6FE9B1006795D2 /* Charts.swift */; };
		D76AACBA2B701992006795D2 /* View+Extensions.swift in Sources */ = {isa = PBXBuildFile; fileRef = D76AACB92B701992006795D2 /* View+Extensions.swift */; };
		D76AACBC2B7020F2006795D2 /* Date+Extensions.swift in Sources */ = {isa = PBXBuildFile; fileRef = D76AACBB2B7020F2006795D2 /* Date+Extensions.swift */; };
		D76AACBE2B7022DE006795D2 /* CardView.swift in Sources */ = {isa = PBXBuildFile; fileRef = D76AACBD2B7022DE006795D2 /* CardView.swift */; };
		D76AACC12B702CA5006795D2 /* TransactionCardView.swift in Sources */ = {isa = PBXBuildFile; fileRef = D76AACC02B702CA5006795D2 /* TransactionCardView.swift */; };
		D7AC4ABA2B703C3F00776CF7 /* SwipeAction.swift in Sources */ = {isa = PBXBuildFile; fileRef = D7AC4AB92B703C3F00776CF7 /* SwipeAction.swift */; };
		D7D2EE812B72BE9C000E2635 /* TransactionView.swift in Sources */ = {isa = PBXBuildFile; fileRef = D7D2EE802B72BE9C000E2635 /* TransactionView.swift */; };
		D7D2EE872B7576AA000E2635 /* FilterTransactionsView.swift in Sources */ = {isa = PBXBuildFile; fileRef = D7D2EE862B7576AA000E2635 /* FilterTransactionsView.swift */; };
/* End PBXBuildFile section */

/* Begin PBXContainerItemProxy section */
		D7647CEC2B6FDBD80083F96C /* PBXContainerItemProxy */ = {
			isa = PBXContainerItemProxy;
			containerPortal = D7647CD32B6FDBD50083F96C /* Project object */;
			proxyType = 1;
			remoteGlobalIDString = D7647CDA2B6FDBD50083F96C;
			remoteInfo = ExpenseTrack;
		};
		D7647CF62B6FDBD80083F96C /* PBXContainerItemProxy */ = {
			isa = PBXContainerItemProxy;
			containerPortal = D7647CD32B6FDBD50083F96C /* Project object */;
			proxyType = 1;
			remoteGlobalIDString = D7647CDA2B6FDBD50083F96C;
			remoteInfo = ExpenseTrack;
		};
/* End PBXContainerItemProxy section */

/* Begin PBXFileReference section */
		D74672F82B7132560049EB35 /* DateFilterView.swift */ = {isa = PBXFileReference; lastKnownFileType = sourcecode.swift; path = DateFilterView.swift; sourceTree = "<group>"; };
		D74672FC2B717E990049EB35 /* LockView.swift */ = {isa = PBXFileReference; fileEncoding = 4; lastKnownFileType = sourcecode.swift; path = LockView.swift; sourceTree = "<group>"; };
		D7647CDB2B6FDBD50083F96C /* ExpenseTrack.app */ = {isa = PBXFileReference; explicitFileType = wrapper.application; includeInIndex = 0; path = ExpenseTrack.app; sourceTree = BUILT_PRODUCTS_DIR; };
		D7647CDE2B6FDBD50083F96C /* ExpenseTrackApp.swift */ = {isa = PBXFileReference; lastKnownFileType = sourcecode.swift; path = ExpenseTrackApp.swift; sourceTree = "<group>"; };
		D7647CE02B6FDBD50083F96C /* ContentView.swift */ = {isa = PBXFileReference; lastKnownFileType = sourcecode.swift; path = ContentView.swift; sourceTree = "<group>"; };
		D7647CE22B6FDBD70083F96C /* Assets.xcassets */ = {isa = PBXFileReference; lastKnownFileType = folder.assetcatalog; path = Assets.xcassets; sourceTree = "<group>"; };
		D7647CE52B6FDBD70083F96C /* Preview Assets.xcassets */ = {isa = PBXFileReference; lastKnownFileType = folder.assetcatalog; path = "Preview Assets.xcassets"; sourceTree = "<group>"; };
		D7647CEB2B6FDBD80083F96C /* ExpenseTrackTests.xctest */ = {isa = PBXFileReference; explicitFileType = wrapper.cfbundle; includeInIndex = 0; path = ExpenseTrackTests.xctest; sourceTree = BUILT_PRODUCTS_DIR; };
		D7647CEF2B6FDBD80083F96C /* ExpenseTrackTests.swift */ = {isa = PBXFileReference; lastKnownFileType = sourcecode.swift; path = ExpenseTrackTests.swift; sourceTree = "<group>"; };
		D7647CF52B6FDBD80083F96C /* ExpenseTrackUITests.xctest */ = {isa = PBXFileReference; explicitFileType = wrapper.cfbundle; includeInIndex = 0; path = ExpenseTrackUITests.xctest; sourceTree = BUILT_PRODUCTS_DIR; };
		D7647CF92B6FDBD80083F96C /* ExpenseTrackUITests.swift */ = {isa = PBXFileReference; lastKnownFileType = sourcecode.swift; path = ExpenseTrackUITests.swift; sourceTree = "<group>"; };
		D7647CFB2B6FDBD80083F96C /* ExpenseTrackUITestsLaunchTests.swift */ = {isa = PBXFileReference; lastKnownFileType = sourcecode.swift; path = ExpenseTrackUITestsLaunchTests.swift; sourceTree = "<group>"; };
		D7647D0C2B6FDCA50083F96C /* IntroScreen.swift */ = {isa = PBXFileReference; lastKnownFileType = sourcecode.swift; path = IntroScreen.swift; sourceTree = "<group>"; };
		D7647D0F2B6FDDEC0083F96C /* Constants.swift */ = {isa = PBXFileReference; lastKnownFileType = sourcecode.swift; path = Constants.swift; sourceTree = "<group>"; };
		D76AACA62B6FE1C8006795D2 /* Tab.swift */ = {isa = PBXFileReference; lastKnownFileType = sourcecode.swift; path = Tab.swift; sourceTree = "<group>"; };
		D76AACA82B6FE66E006795D2 /* Category.swift */ = {isa = PBXFileReference; lastKnownFileType = sourcecode.swift; path = Category.swift; sourceTree = "<group>"; };
		D76AACAA2B6FE6C1006795D2 /* Transaction.swift */ = {isa = PBXFileReference; lastKnownFileType = sourcecode.swift; path = Transaction.swift; sourceTree = "<group>"; };
		D76AACAC2B6FE7C6006795D2 /* TintColor.swift */ = {isa = PBXFileReference; lastKnownFileType = sourcecode.swift; path = TintColor.swift; sourceTree = "<group>"; };
		D76AACAF2B6FE96D006795D2 /* Recents.swift */ = {isa = PBXFileReference; lastKnownFileType = sourcecode.swift; path = Recents.swift; sourceTree = "<group>"; };
		D76AACB12B6FE97B006795D2 /* Search.swift */ = {isa = PBXFileReference; lastKnownFileType = sourcecode.swift; path = Search.swift; sourceTree = "<group>"; };
		D76AACB52B6FE992006795D2 /* Settings.swift */ = {isa = PBXFileReference; lastKnownFileType = sourcecode.swift; path = Settings.swift; sourceTree = "<group>"; };
		D76AACB72B6FE9B1006795D2 /* Charts.swift */ = {isa = PBXFileReference; lastKnownFileType = sourcecode.swift; path = Charts.swift; sourceTree = "<group>"; };
		D76AACB92B701992006795D2 /* View+Extensions.swift */ = {isa = PBXFileReference; lastKnownFileType = sourcecode.swift; path = "View+Extensions.swift"; sourceTree = "<group>"; };
		D76AACBB2B7020F2006795D2 /* Date+Extensions.swift */ = {isa = PBXFileReference; lastKnownFileType = sourcecode.swift; path = "Date+Extensions.swift"; sourceTree = "<group>"; };
		D76AACBD2B7022DE006795D2 /* CardView.swift */ = {isa = PBXFileReference; lastKnownFileType = sourcecode.swift; path = CardView.swift; sourceTree = "<group>"; };
		D76AACC02B702CA5006795D2 /* TransactionCardView.swift */ = {isa = PBXFileReference; lastKnownFileType = sourcecode.swift; path = TransactionCardView.swift; sourceTree = "<group>"; };
		D7AC4AB92B703C3F00776CF7 /* SwipeAction.swift */ = {isa = PBXFileReference; lastKnownFileType = sourcecode.swift; path = SwipeAction.swift; sourceTree = "<group>"; };
		D7D2EE802B72BE9C000E2635 /* TransactionView.swift */ = {isa = PBXFileReference; lastKnownFileType = sourcecode.swift; path = TransactionView.swift; sourceTree = "<group>"; };
		D7D2EE862B7576AA000E2635 /* FilterTransactionsView.swift */ = {isa = PBXFileReference; lastKnownFileType = sourcecode.swift; path = FilterTransactionsView.swift; sourceTree = "<group>"; };
/* End PBXFileReference section */

/* Begin PBXFrameworksBuildPhase section */
		D7647CD82B6FDBD50083F96C /* Frameworks */ = {
			isa = PBXFrameworksBuildPhase;
			buildActionMask = 2147483647;
			files = (
			);
			runOnlyForDeploymentPostprocessing = 0;
		};
		D7647CE82B6FDBD80083F96C /* Frameworks */ = {
			isa = PBXFrameworksBuildPhase;
			buildActionMask = 2147483647;
			files = (
			);
			runOnlyForDeploymentPostprocessing = 0;
		};
		D7647CF22B6FDBD80083F96C /* Frameworks */ = {
			isa = PBXFrameworksBuildPhase;
			buildActionMask = 2147483647;
			files = (
			);
			runOnlyForDeploymentPostprocessing = 0;
		};
/* End PBXFrameworksBuildPhase section */

/* Begin PBXGroup section */
		D7647CD22B6FDBD50083F96C = {
			isa = PBXGroup;
			children = (
				D7647CDD2B6FDBD50083F96C /* ExpenseTrack */,
				D7647CEE2B6FDBD80083F96C /* ExpenseTrackTests */,
				D7647CF82B6FDBD80083F96C /* ExpenseTrackUITests */,
				D7647CDC2B6FDBD50083F96C /* Products */,
			);
			sourceTree = "<group>";
		};
		D7647CDC2B6FDBD50083F96C /* Products */ = {
			isa = PBXGroup;
			children = (
				D7647CDB2B6FDBD50083F96C /* ExpenseTrack.app */,
				D7647CEB2B6FDBD80083F96C /* ExpenseTrackTests.xctest */,
				D7647CF52B6FDBD80083F96C /* ExpenseTrackUITests.xctest */,
			);
			name = Products;
			sourceTree = "<group>";
		};
		D7647CDD2B6FDBD50083F96C /* ExpenseTrack */ = {
			isa = PBXGroup;
			children = (
				D7647D0E2B6FDDCC0083F96C /* Helpers */,
				D7647D092B6FDC860083F96C /* Model */,
				D7647D082B6FDC7C0083F96C /* View */,
				D7647CDE2B6FDBD50083F96C /* ExpenseTrackApp.swift */,
				D7647CE02B6FDBD50083F96C /* ContentView.swift */,
				D7647CE22B6FDBD70083F96C /* Assets.xcassets */,
				D7647CE42B6FDBD70083F96C /* Preview Content */,
			);
			path = ExpenseTrack;
			sourceTree = "<group>";
		};
		D7647CE42B6FDBD70083F96C /* Preview Content */ = {
			isa = PBXGroup;
			children = (
				D7647CE52B6FDBD70083F96C /* Preview Assets.xcassets */,
			);
			path = "Preview Content";
			sourceTree = "<group>";
		};
		D7647CEE2B6FDBD80083F96C /* ExpenseTrackTests */ = {
			isa = PBXGroup;
			children = (
				D7647CEF2B6FDBD80083F96C /* ExpenseTrackTests.swift */,
			);
			path = ExpenseTrackTests;
			sourceTree = "<group>";
		};
		D7647CF82B6FDBD80083F96C /* ExpenseTrackUITests */ = {
			isa = PBXGroup;
			children = (
				D7647CF92B6FDBD80083F96C /* ExpenseTrackUITests.swift */,
				D7647CFB2B6FDBD80083F96C /* ExpenseTrackUITestsLaunchTests.swift */,
			);
			path = ExpenseTrackUITests;
			sourceTree = "<group>";
		};
		D7647D082B6FDC7C0083F96C /* View */ = {
			isa = PBXGroup;
			children = (
				D76AACBF2B702C87006795D2 /* Views */,
				D76AACAE2B6FE95E006795D2 /* TabViews */,
				D7647D0C2B6FDCA50083F96C /* IntroScreen.swift */,
				D7D2EE802B72BE9C000E2635 /* TransactionView.swift */,
			);
			path = View;
			sourceTree = "<group>";
		};
		D7647D092B6FDC860083F96C /* Model */ = {
			isa = PBXGroup;
			children = (
				D76AACA62B6FE1C8006795D2 /* Tab.swift */,
				D76AACA82B6FE66E006795D2 /* Category.swift */,
				D76AACAA2B6FE6C1006795D2 /* Transaction.swift */,
				D76AACAC2B6FE7C6006795D2 /* TintColor.swift */,
			);
			path = Model;
			sourceTree = "<group>";
		};
		D7647D0E2B6FDDCC0083F96C /* Helpers */ = {
			isa = PBXGroup;
			children = (
				D7647D0F2B6FDDEC0083F96C /* Constants.swift */,
				D76AACB92B701992006795D2 /* View+Extensions.swift */,
				D76AACBB2B7020F2006795D2 /* Date+Extensions.swift */,
			);
			path = Helpers;
			sourceTree = "<group>";
		};
		D76AACAE2B6FE95E006795D2 /* TabViews */ = {
			isa = PBXGroup;
			children = (
				D76AACAF2B6FE96D006795D2 /* Recents.swift */,
				D76AACB12B6FE97B006795D2 /* Search.swift */,
				D76AACB72B6FE9B1006795D2 /* Charts.swift */,
				D76AACB52B6FE992006795D2 /* Settings.swift */,
			);
			path = TabViews;
			sourceTree = "<group>";
		};
		D76AACBF2B702C87006795D2 /* Views */ = {
			isa = PBXGroup;
			children = (
				D76AACBD2B7022DE006795D2 /* CardView.swift */,
				D7AC4AB92B703C3F00776CF7 /* SwipeAction.swift */,
				D76AACC02B702CA5006795D2 /* TransactionCardView.swift */,
				D74672F82B7132560049EB35 /* DateFilterView.swift */,
				D74672FC2B717E990049EB35 /* LockView.swift */,
				D7D2EE862B7576AA000E2635 /* FilterTransactionsView.swift */,
			);
			path = Views;
			sourceTree = "<group>";
		};
/* End PBXGroup section */

/* Begin PBXNativeTarget section */
		D7647CDA2B6FDBD50083F96C /* ExpenseTrack */ = {
			isa = PBXNativeTarget;
			buildConfigurationList = D7647CFF2B6FDBD80083F96C /* Build configuration list for PBXNativeTarget "ExpenseTrack" */;
			buildPhases = (
				D7647CD72B6FDBD50083F96C /* Sources */,
				D7647CD82B6FDBD50083F96C /* Frameworks */,
				D7647CD92B6FDBD50083F96C /* Resources */,
			);
			buildRules = (
			);
			dependencies = (
			);
			name = ExpenseTrack;
			productName = ExpenseTrack;
			productReference = D7647CDB2B6FDBD50083F96C /* ExpenseTrack.app */;
			productType = "com.apple.product-type.application";
		};
		D7647CEA2B6FDBD80083F96C /* ExpenseTrackTests */ = {
			isa = PBXNativeTarget;
			buildConfigurationList = D7647D022B6FDBD80083F96C /* Build configuration list for PBXNativeTarget "ExpenseTrackTests" */;
			buildPhases = (
				D7647CE72B6FDBD80083F96C /* Sources */,
				D7647CE82B6FDBD80083F96C /* Frameworks */,
				D7647CE92B6FDBD80083F96C /* Resources */,
			);
			buildRules = (
			);
			dependencies = (
				D7647CED2B6FDBD80083F96C /* PBXTargetDependency */,
			);
			name = ExpenseTrackTests;
			productName = ExpenseTrackTests;
			productReference = D7647CEB2B6FDBD80083F96C /* ExpenseTrackTests.xctest */;
			productType = "com.apple.product-type.bundle.unit-test";
		};
		D7647CF42B6FDBD80083F96C /* ExpenseTrackUITests */ = {
			isa = PBXNativeTarget;
			buildConfigurationList = D7647D052B6FDBD80083F96C /* Build configuration list for PBXNativeTarget "ExpenseTrackUITests" */;
			buildPhases = (
				D7647CF12B6FDBD80083F96C /* Sources */,
				D7647CF22B6FDBD80083F96C /* Frameworks */,
				D7647CF32B6FDBD80083F96C /* Resources */,
			);
			buildRules = (
			);
			dependencies = (
				D7647CF72B6FDBD80083F96C /* PBXTargetDependency */,
			);
			name = ExpenseTrackUITests;
			productName = ExpenseTrackUITests;
			productReference = D7647CF52B6FDBD80083F96C /* ExpenseTrackUITests.xctest */;
			productType = "com.apple.product-type.bundle.ui-testing";
		};
/* End PBXNativeTarget section */

/* Begin PBXProject section */
		D7647CD32B6FDBD50083F96C /* Project object */ = {
			isa = PBXProject;
			attributes = {
				BuildIndependentTargetsInParallel = 1;
				LastSwiftUpdateCheck = 1500;
				LastUpgradeCheck = 1500;
				TargetAttributes = {
					D7647CDA2B6FDBD50083F96C = {
						CreatedOnToolsVersion = 15.0;
					};
					D7647CEA2B6FDBD80083F96C = {
						CreatedOnToolsVersion = 15.0;
						TestTargetID = D7647CDA2B6FDBD50083F96C;
					};
					D7647CF42B6FDBD80083F96C = {
						CreatedOnToolsVersion = 15.0;
						TestTargetID = D7647CDA2B6FDBD50083F96C;
					};
				};
			};
			buildConfigurationList = D7647CD62B6FDBD50083F96C /* Build configuration list for PBXProject "ExpenseTrack" */;
			compatibilityVersion = "Xcode 14.0";
			developmentRegion = en;
			hasScannedForEncodings = 0;
			knownRegions = (
				en,
				Base,
			);
			mainGroup = D7647CD22B6FDBD50083F96C;
			productRefGroup = D7647CDC2B6FDBD50083F96C /* Products */;
			projectDirPath = "";
			projectRoot = "";
			targets = (
				D7647CDA2B6FDBD50083F96C /* ExpenseTrack */,
				D7647CEA2B6FDBD80083F96C /* ExpenseTrackTests */,
				D7647CF42B6FDBD80083F96C /* ExpenseTrackUITests */,
			);
		};
/* End PBXProject section */

/* Begin PBXResourcesBuildPhase section */
		D7647CD92B6FDBD50083F96C /* Resources */ = {
			isa = PBXResourcesBuildPhase;
			buildActionMask = 2147483647;
			files = (
				D7647CE62B6FDBD70083F96C /* Preview Assets.xcassets in Resources */,
				D7647CE32B6FDBD70083F96C /* Assets.xcassets in Resources */,
			);
			runOnlyForDeploymentPostprocessing = 0;
		};
		D7647CE92B6FDBD80083F96C /* Resources */ = {
			isa = PBXResourcesBuildPhase;
			buildActionMask = 2147483647;
			files = (
			);
			runOnlyForDeploymentPostprocessing = 0;
		};
		D7647CF32B6FDBD80083F96C /* Resources */ = {
			isa = PBXResourcesBuildPhase;
			buildActionMask = 2147483647;
			files = (
			);
			runOnlyForDeploymentPostprocessing = 0;
		};
/* End PBXResourcesBuildPhase section */

/* Begin PBXSourcesBuildPhase section */
		D7647CD72B6FDBD50083F96C /* Sources */ = {
			isa = PBXSourcesBuildPhase;
			buildActionMask = 2147483647;
			files = (
				D76AACB82B6FE9B1006795D2 /* Charts.swift in Sources */,
				D76AACAD2B6FE7C6006795D2 /* TintColor.swift in Sources */,
				D74672F92B7132560049EB35 /* DateFilterView.swift in Sources */,
				D76AACB02B6FE96D006795D2 /* Recents.swift in Sources */,
				D76AACAB2B6FE6C1006795D2 /* Transaction.swift in Sources */,
				D76AACBE2B7022DE006795D2 /* CardView.swift in Sources */,
				D7AC4ABA2B703C3F00776CF7 /* SwipeAction.swift in Sources */,
				D7647CE12B6FDBD50083F96C /* ContentView.swift in Sources */,
				D7D2EE812B72BE9C000E2635 /* TransactionView.swift in Sources */,
				D7647D0D2B6FDCA50083F96C /* IntroScreen.swift in Sources */,
				D76AACA72B6FE1C8006795D2 /* Tab.swift in Sources */,
				D76AACB62B6FE992006795D2 /* Settings.swift in Sources */,
				D7647CDF2B6FDBD50083F96C /* ExpenseTrackApp.swift in Sources */,
				D76AACBC2B7020F2006795D2 /* Date+Extensions.swift in Sources */,
				D76AACBA2B701992006795D2 /* View+Extensions.swift in Sources */,
				D74672FD2B717E990049EB35 /* LockView.swift in Sources */,
				D76AACB22B6FE97B006795D2 /* Search.swift in Sources */,
				D7647D102B6FDDEC0083F96C /* Constants.swift in Sources */,
				D7D2EE872B7576AA000E2635 /* FilterTransactionsView.swift in Sources */,
				D76AACA92B6FE66E006795D2 /* Category.swift in Sources */,
				D76AACC12B702CA5006795D2 /* TransactionCardView.swift in Sources */,
			);
			runOnlyForDeploymentPostprocessing = 0;
		};
		D7647CE72B6FDBD80083F96C /* Sources */ = {
			isa = PBXSourcesBuildPhase;
			buildActionMask = 2147483647;
			files = (
				D7647CF02B6FDBD80083F96C /* ExpenseTrackTests.swift in Sources */,
			);
			runOnlyForDeploymentPostprocessing = 0;
		};
		D7647CF12B6FDBD80083F96C /* Sources */ = {
			isa = PBXSourcesBuildPhase;
			buildActionMask = 2147483647;
			files = (
				D7647CFA2B6FDBD80083F96C /* ExpenseTrackUITests.swift in Sources */,
				D7647CFC2B6FDBD80083F96C /* ExpenseTrackUITestsLaunchTests.swift in Sources */,
			);
			runOnlyForDeploymentPostprocessing = 0;
		};
/* End PBXSourcesBuildPhase section */

/* Begin PBXTargetDependency section */
		D7647CED2B6FDBD80083F96C /* PBXTargetDependency */ = {
			isa = PBXTargetDependency;
			target = D7647CDA2B6FDBD50083F96C /* ExpenseTrack */;
			targetProxy = D7647CEC2B6FDBD80083F96C /* PBXContainerItemProxy */;
		};
		D7647CF72B6FDBD80083F96C /* PBXTargetDependency */ = {
			isa = PBXTargetDependency;
			target = D7647CDA2B6FDBD50083F96C /* ExpenseTrack */;
			targetProxy = D7647CF62B6FDBD80083F96C /* PBXContainerItemProxy */;
		};
/* End PBXTargetDependency section */

/* Begin XCBuildConfiguration section */
		D7647CFD2B6FDBD80083F96C /* Debug */ = {
			isa = XCBuildConfiguration;
			buildSettings = {
				ALWAYS_SEARCH_USER_PATHS = NO;
				ASSETCATALOG_COMPILER_GENERATE_SWIFT_ASSET_SYMBOL_EXTENSIONS = YES;
				CLANG_ANALYZER_NONNULL = YES;
				CLANG_ANALYZER_NUMBER_OBJECT_CONVERSION = YES_AGGRESSIVE;
				CLANG_CXX_LANGUAGE_STANDARD = "gnu++20";
				CLANG_ENABLE_MODULES = YES;
				CLANG_ENABLE_OBJC_ARC = YES;
				CLANG_ENABLE_OBJC_WEAK = YES;
				CLANG_WARN_BLOCK_CAPTURE_AUTORELEASING = YES;
				CLANG_WARN_BOOL_CONVERSION = YES;
				CLANG_WARN_COMMA = YES;
				CLANG_WARN_CONSTANT_CONVERSION = YES;
				CLANG_WARN_DEPRECATED_OBJC_IMPLEMENTATIONS = YES;
				CLANG_WARN_DIRECT_OBJC_ISA_USAGE = YES_ERROR;
				CLANG_WARN_DOCUMENTATION_COMMENTS = YES;
				CLANG_WARN_EMPTY_BODY = YES;
				CLANG_WARN_ENUM_CONVERSION = YES;
				CLANG_WARN_INFINITE_RECURSION = YES;
				CLANG_WARN_INT_CONVERSION = YES;
				CLANG_WARN_NON_LITERAL_NULL_CONVERSION = YES;
				CLANG_WARN_OBJC_IMPLICIT_RETAIN_SELF = YES;
				CLANG_WARN_OBJC_LITERAL_CONVERSION = YES;
				CLANG_WARN_OBJC_ROOT_CLASS = YES_ERROR;
				CLANG_WARN_QUOTED_INCLUDE_IN_FRAMEWORK_HEADER = YES;
				CLANG_WARN_RANGE_LOOP_ANALYSIS = YES;
				CLANG_WARN_STRICT_PROTOTYPES = YES;
				CLANG_WARN_SUSPICIOUS_MOVE = YES;
				CLANG_WARN_UNGUARDED_AVAILABILITY = YES_AGGRESSIVE;
				CLANG_WARN_UNREACHABLE_CODE = YES;
				CLANG_WARN__DUPLICATE_METHOD_MATCH = YES;
				COPY_PHASE_STRIP = NO;
				DEBUG_INFORMATION_FORMAT = dwarf;
				ENABLE_STRICT_OBJC_MSGSEND = YES;
				ENABLE_TESTABILITY = YES;
				ENABLE_USER_SCRIPT_SANDBOXING = YES;
				GCC_C_LANGUAGE_STANDARD = gnu17;
				GCC_DYNAMIC_NO_PIC = NO;
				GCC_NO_COMMON_BLOCKS = YES;
				GCC_OPTIMIZATION_LEVEL = 0;
				GCC_PREPROCESSOR_DEFINITIONS = (
					"DEBUG=1",
					"$(inherited)",
				);
				GCC_WARN_64_TO_32_BIT_CONVERSION = YES;
				GCC_WARN_ABOUT_RETURN_TYPE = YES_ERROR;
				GCC_WARN_UNDECLARED_SELECTOR = YES;
				GCC_WARN_UNINITIALIZED_AUTOS = YES_AGGRESSIVE;
				GCC_WARN_UNUSED_FUNCTION = YES;
				GCC_WARN_UNUSED_VARIABLE = YES;
				IPHONEOS_DEPLOYMENT_TARGET = 17.0;
				LOCALIZATION_PREFERS_STRING_CATALOGS = YES;
				MTL_ENABLE_DEBUG_INFO = INCLUDE_SOURCE;
				MTL_FAST_MATH = YES;
				ONLY_ACTIVE_ARCH = YES;
				SDKROOT = iphoneos;
				SWIFT_ACTIVE_COMPILATION_CONDITIONS = "DEBUG $(inherited)";
				SWIFT_OPTIMIZATION_LEVEL = "-Onone";
			};
			name = Debug;
		};
		D7647CFE2B6FDBD80083F96C /* Release */ = {
			isa = XCBuildConfiguration;
			buildSettings = {
				ALWAYS_SEARCH_USER_PATHS = NO;
				ASSETCATALOG_COMPILER_GENERATE_SWIFT_ASSET_SYMBOL_EXTENSIONS = YES;
				CLANG_ANALYZER_NONNULL = YES;
				CLANG_ANALYZER_NUMBER_OBJECT_CONVERSION = YES_AGGRESSIVE;
				CLANG_CXX_LANGUAGE_STANDARD = "gnu++20";
				CLANG_ENABLE_MODULES = YES;
				CLANG_ENABLE_OBJC_ARC = YES;
				CLANG_ENABLE_OBJC_WEAK = YES;
				CLANG_WARN_BLOCK_CAPTURE_AUTORELEASING = YES;
				CLANG_WARN_BOOL_CONVERSION = YES;
				CLANG_WARN_COMMA = YES;
				CLANG_WARN_CONSTANT_CONVERSION = YES;
				CLANG_WARN_DEPRECATED_OBJC_IMPLEMENTATIONS = YES;
				CLANG_WARN_DIRECT_OBJC_ISA_USAGE = YES_ERROR;
				CLANG_WARN_DOCUMENTATION_COMMENTS = YES;
				CLANG_WARN_EMPTY_BODY = YES;
				CLANG_WARN_ENUM_CONVERSION = YES;
				CLANG_WARN_INFINITE_RECURSION = YES;
				CLANG_WARN_INT_CONVERSION = YES;
				CLANG_WARN_NON_LITERAL_NULL_CONVERSION = YES;
				CLANG_WARN_OBJC_IMPLICIT_RETAIN_SELF = YES;
				CLANG_WARN_OBJC_LITERAL_CONVERSION = YES;
				CLANG_WARN_OBJC_ROOT_CLASS = YES_ERROR;
				CLANG_WARN_QUOTED_INCLUDE_IN_FRAMEWORK_HEADER = YES;
				CLANG_WARN_RANGE_LOOP_ANALYSIS = YES;
				CLANG_WARN_STRICT_PROTOTYPES = YES;
				CLANG_WARN_SUSPICIOUS_MOVE = YES;
				CLANG_WARN_UNGUARDED_AVAILABILITY = YES_AGGRESSIVE;
				CLANG_WARN_UNREACHABLE_CODE = YES;
				CLANG_WARN__DUPLICATE_METHOD_MATCH = YES;
				COPY_PHASE_STRIP = NO;
				DEBUG_INFORMATION_FORMAT = "dwarf-with-dsym";
				ENABLE_NS_ASSERTIONS = NO;
				ENABLE_STRICT_OBJC_MSGSEND = YES;
				ENABLE_USER_SCRIPT_SANDBOXING = YES;
				GCC_C_LANGUAGE_STANDARD = gnu17;
				GCC_NO_COMMON_BLOCKS = YES;
				GCC_WARN_64_TO_32_BIT_CONVERSION = YES;
				GCC_WARN_ABOUT_RETURN_TYPE = YES_ERROR;
				GCC_WARN_UNDECLARED_SELECTOR = YES;
				GCC_WARN_UNINITIALIZED_AUTOS = YES_AGGRESSIVE;
				GCC_WARN_UNUSED_FUNCTION = YES;
				GCC_WARN_UNUSED_VARIABLE = YES;
				IPHONEOS_DEPLOYMENT_TARGET = 17.0;
				LOCALIZATION_PREFERS_STRING_CATALOGS = YES;
				MTL_ENABLE_DEBUG_INFO = NO;
				MTL_FAST_MATH = YES;
				SDKROOT = iphoneos;
				SWIFT_COMPILATION_MODE = wholemodule;
				VALIDATE_PRODUCT = YES;
			};
			name = Release;
		};
		D7647D002B6FDBD80083F96C /* Debug */ = {
			isa = XCBuildConfiguration;
			buildSettings = {
				ASSETCATALOG_COMPILER_APPICON_NAME = AppIcon;
				ASSETCATALOG_COMPILER_GLOBAL_ACCENT_COLOR_NAME = AccentColor;
				CODE_SIGN_STYLE = Automatic;
				CURRENT_PROJECT_VERSION = 1;
				DEVELOPMENT_ASSET_PATHS = "\"ExpenseTrack/Preview Content\"";
				DEVELOPMENT_TEAM = KSW9YLW73D;
				ENABLE_PREVIEWS = YES;
				GENERATE_INFOPLIST_FILE = YES;
				INFOPLIST_KEY_CFBundleDisplayName = "Expense Tracker";
				INFOPLIST_KEY_NSFaceIDUsageDescription = DESCRIPTION;
				INFOPLIST_KEY_UIApplicationSceneManifest_Generation = YES;
				INFOPLIST_KEY_UIApplicationSupportsIndirectInputEvents = YES;
				INFOPLIST_KEY_UILaunchScreen_Generation = YES;
				INFOPLIST_KEY_UISupportedInterfaceOrientations_iPad = "UIInterfaceOrientationPortrait UIInterfaceOrientationPortraitUpsideDown UIInterfaceOrientationLandscapeLeft UIInterfaceOrientationLandscapeRight";
				INFOPLIST_KEY_UISupportedInterfaceOrientations_iPhone = "UIInterfaceOrientationPortrait UIInterfaceOrientationLandscapeLeft UIInterfaceOrientationLandscapeRight";
				LD_RUNPATH_SEARCH_PATHS = (
					"$(inherited)",
					"@executable_path/Frameworks",
				);
				MARKETING_VERSION = 1.0;
				PRODUCT_BUNDLE_IDENTIFIER = com.ExpenseTracks;
				PRODUCT_NAME = "$(TARGET_NAME)";
				SWIFT_EMIT_LOC_STRINGS = YES;
				SWIFT_VERSION = 5.0;
				TARGETED_DEVICE_FAMILY = "1,2";
			};
			name = Debug;
		};
		D7647D012B6FDBD80083F96C /* Release */ = {
			isa = XCBuildConfiguration;
			buildSettings = {
				ASSETCATALOG_COMPILER_APPICON_NAME = AppIcon;
				ASSETCATALOG_COMPILER_GLOBAL_ACCENT_COLOR_NAME = AccentColor;
				CODE_SIGN_STYLE = Automatic;
				CURRENT_PROJECT_VERSION = 1;
				DEVELOPMENT_ASSET_PATHS = "\"ExpenseTrack/Preview Content\"";
				DEVELOPMENT_TEAM = KSW9YLW73D;
				ENABLE_PREVIEWS = YES;
				GENERATE_INFOPLIST_FILE = YES;
				INFOPLIST_KEY_CFBundleDisplayName = "Expense Tracker";
				INFOPLIST_KEY_NSFaceIDUsageDescription = DESCRIPTION;
				INFOPLIST_KEY_UIApplicationSceneManifest_Generation = YES;
				INFOPLIST_KEY_UIApplicationSupportsIndirectInputEvents = YES;
				INFOPLIST_KEY_UILaunchScreen_Generation = YES;
				INFOPLIST_KEY_UISupportedInterfaceOrientations_iPad = "UIInterfaceOrientationPortrait UIInterfaceOrientationPortraitUpsideDown UIInterfaceOrientationLandscapeLeft UIInterfaceOrientationLandscapeRight";
				INFOPLIST_KEY_UISupportedInterfaceOrientations_iPhone = "UIInterfaceOrientationPortrait UIInterfaceOrientationLandscapeLeft UIInterfaceOrientationLandscapeRight";
				LD_RUNPATH_SEARCH_PATHS = (
					"$(inherited)",
					"@executable_path/Frameworks",
				);
				MARKETING_VERSION = 1.0;
				PRODUCT_BUNDLE_IDENTIFIER = com.ExpenseTracks;
				PRODUCT_NAME = "$(TARGET_NAME)";
				SWIFT_EMIT_LOC_STRINGS = YES;
				SWIFT_VERSION = 5.0;
				TARGETED_DEVICE_FAMILY = "1,2";
			};
			name = Release;
		};
		D7647D032B6FDBD80083F96C /* Debug */ = {
			isa = XCBuildConfiguration;
			buildSettings = {
				ALWAYS_EMBED_SWIFT_STANDARD_LIBRARIES = YES;
				BUNDLE_LOADER = "$(TEST_HOST)";
				CODE_SIGN_STYLE = Automatic;
				CURRENT_PROJECT_VERSION = 1;
				DEVELOPMENT_TEAM = KSW9YLW73D;
				GENERATE_INFOPLIST_FILE = YES;
				IPHONEOS_DEPLOYMENT_TARGET = 17.0;
				MARKETING_VERSION = 1.0;
				PRODUCT_BUNDLE_IDENTIFIER = com.ExpenseTrackTests;
				PRODUCT_NAME = "$(TARGET_NAME)";
				SWIFT_EMIT_LOC_STRINGS = NO;
				SWIFT_VERSION = 5.0;
				TARGETED_DEVICE_FAMILY = "1,2";
				TEST_HOST = "$(BUILT_PRODUCTS_DIR)/ExpenseTrack.app/$(BUNDLE_EXECUTABLE_FOLDER_PATH)/ExpenseTrack";
			};
			name = Debug;
		};
		D7647D042B6FDBD80083F96C /* Release */ = {
			isa = XCBuildConfiguration;
			buildSettings = {
				ALWAYS_EMBED_SWIFT_STANDARD_LIBRARIES = YES;
				BUNDLE_LOADER = "$(TEST_HOST)";
				CODE_SIGN_STYLE = Automatic;
				CURRENT_PROJECT_VERSION = 1;
				DEVELOPMENT_TEAM = KSW9YLW73D;
				GENERATE_INFOPLIST_FILE = YES;
				IPHONEOS_DEPLOYMENT_TARGET = 17.0;
				MARKETING_VERSION = 1.0;
				PRODUCT_BUNDLE_IDENTIFIER = com.ExpenseTrackTests;
				PRODUCT_NAME = "$(TARGET_NAME)";
				SWIFT_EMIT_LOC_STRINGS = NO;
				SWIFT_VERSION = 5.0;
				TARGETED_DEVICE_FAMILY = "1,2";
				TEST_HOST = "$(BUILT_PRODUCTS_DIR)/ExpenseTrack.app/$(BUNDLE_EXECUTABLE_FOLDER_PATH)/ExpenseTrack";
			};
			name = Release;
		};
		D7647D062B6FDBD80083F96C /* Debug */ = {
			isa = XCBuildConfiguration;
			buildSettings = {
				ALWAYS_EMBED_SWIFT_STANDARD_LIBRARIES = YES;
				CODE_SIGN_STYLE = Automatic;
				CURRENT_PROJECT_VERSION = 1;
				DEVELOPMENT_TEAM = KSW9YLW73D;
				GENERATE_INFOPLIST_FILE = YES;
				MARKETING_VERSION = 1.0;
				PRODUCT_BUNDLE_IDENTIFIER = com.ExpenseTrackUITests;
				PRODUCT_NAME = "$(TARGET_NAME)";
				SWIFT_EMIT_LOC_STRINGS = NO;
				SWIFT_VERSION = 5.0;
				TARGETED_DEVICE_FAMILY = "1,2";
				TEST_TARGET_NAME = ExpenseTrack;
			};
			name = Debug;
		};
		D7647D072B6FDBD80083F96C /* Release */ = {
			isa = XCBuildConfiguration;
			buildSettings = {
				ALWAYS_EMBED_SWIFT_STANDARD_LIBRARIES = YES;
				CODE_SIGN_STYLE = Automatic;
				CURRENT_PROJECT_VERSION = 1;
				DEVELOPMENT_TEAM = KSW9YLW73D;
				GENERATE_INFOPLIST_FILE = YES;
				MARKETING_VERSION = 1.0;
				PRODUCT_BUNDLE_IDENTIFIER = com.ExpenseTrackUITests;
				PRODUCT_NAME = "$(TARGET_NAME)";
				SWIFT_EMIT_LOC_STRINGS = NO;
				SWIFT_VERSION = 5.0;
				TARGETED_DEVICE_FAMILY = "1,2";
				TEST_TARGET_NAME = ExpenseTrack;
			};
			name = Release;
		};
/* End XCBuildConfiguration section */

/* Begin XCConfigurationList section */
		D7647CD62B6FDBD50083F96C /* Build configuration list for PBXProject "ExpenseTrack" */ = {
			isa = XCConfigurationList;
			buildConfigurations = (
				D7647CFD2B6FDBD80083F96C /* Debug */,
				D7647CFE2B6FDBD80083F96C /* Release */,
			);
			defaultConfigurationIsVisible = 0;
			defaultConfigurationName = Release;
		};
		D7647CFF2B6FDBD80083F96C /* Build configuration list for PBXNativeTarget "ExpenseTrack" */ = {
			isa = XCConfigurationList;
			buildConfigurations = (
				D7647D002B6FDBD80083F96C /* Debug */,
				D7647D012B6FDBD80083F96C /* Release */,
			);
			defaultConfigurationIsVisible = 0;
			defaultConfigurationName = Release;
		};
		D7647D022B6FDBD80083F96C /* Build configuration list for PBXNativeTarget "ExpenseTrackTests" */ = {
			isa = XCConfigurationList;
			buildConfigurations = (
				D7647D032B6FDBD80083F96C /* Debug */,
				D7647D042B6FDBD80083F96C /* Release */,
			);
			defaultConfigurationIsVisible = 0;
			defaultConfigurationName = Release;
		};
		D7647D052B6FDBD80083F96C /* Build configuration list for PBXNativeTarget "ExpenseTrackUITests" */ = {
			isa = XCConfigurationList;
			buildConfigurations = (
				D7647D062B6FDBD80083F96C /* Debug */,
				D7647D072B6FDBD80083F96C /* Release */,
			);
			defaultConfigurationIsVisible = 0;
			defaultConfigurationName = Release;
		};
/* End XCConfigurationList section */
	};
	rootObject = D7647CD32B6FDBD50083F96C /* Project object */;
}
